
Microsoft Visual Studio Solution File, Format Version 12.00
# Visual Studio 15
VisualStudioVersion = 15.0.27004.2009
MinimumVisualStudioVersion = 10.0.40219.1
Project("{8BC9CEB8-8B4A-11D0-8D11-00A0C91BC942}") = "ZEngine-Editor", "ZEngine-3.0\ZEngine-3.0.vcxproj", "{EE3656B7-28BD-45EC-91D5-4D959AC69211}"
	ProjectSection(ProjectDependencies) = postProject
		{5F775900-4B03-880B-B4B1-880BA05C880B} = {5F775900-4B03-880B-B4B1-880BA05C880B}
		{C1652A2E-CC29-4A3A-B35D-F081BDBBCBAB} = {C1652A2E-CC29-4A3A-B35D-F081BDBBCBAB}
		{C499947C-B0D0-950D-59BD-7B1045D3110F} = {C499947C-B0D0-950D-59BD-7B1045D3110F}
		{A7B931CA-136F-AABF-9C63-A4960818A1C3} = {A7B931CA-136F-AABF-9C63-A4960818A1C3}
	EndProjectSection
EndProject
Project("{8BC9CEB8-8B4A-11D0-8D11-00A0C91BC942}") = "ZEngine-Core", "ZEngine-Core\ZEngine-Core.vcxproj", "{C1652A2E-CC29-4A3A-B35D-F081BDBBCBAB}"
EndProject
Project("{8BC9CEB8-8B4A-11D0-8D11-00A0C91BC942}") = "bx", "..\bgfx\.build\projects\vs2017\bx.vcxproj", "{5F775900-4B03-880B-B4B1-880BA05C880B}"
EndProject
Project("{8BC9CEB8-8B4A-11D0-8D11-00A0C91BC942}") = "bimg", "..\bgfx\.build\projects\vs2017\bimg.vcxproj", "{C499947C-B0D0-950D-59BD-7B1045D3110F}"
EndProject
Project("{8BC9CEB8-8B4A-11D0-8D11-00A0C91BC942}") = "bimg_decode", "..\bgfx\.build\projects\vs2017\bimg_decode.vcxproj", "{A7B931CA-136F-AABF-9C63-A4960818A1C3}"
EndProject
Project("{8BC9CEB8-8B4A-11D0-8D11-00A0C91BC942}") = "bgfx", "..\bgfx\.build\projects\vs2017\bgfx.vcxproj", "{6C90947C-58C7-950D-01B4-7B10EDC9110F}"
EndProject
Project("{8BC9CEB8-8B4A-11D0-8D11-00A0C91BC942}") = "example-common", "..\bgfx\.build\projects\vs2017\example-common.vcxproj", "{A788128C-9356-0692-7CEA-76B86857E2F6}"
EndProject
Project("{2150E333-8FDC-42A3-9474-1A3956D46DE8}") = "lib", "lib", "{4BB3820B-F69B-4C5F-ADFE-9F01CCEEFF81}"
EndProject
Project("{8BC9CEB8-8B4A-11D0-8D11-00A0C91BC942}") = "fcpp", "..\bgfx\.build\projects\vs2017\fcpp.vcxproj", "{2EB2967C-1AE9-970D-C3D5-7D10AFEB130F}"
EndProject
Project("{8BC9CEB8-8B4A-11D0-8D11-00A0C91BC942}") = "glslang", "..\bgfx\.build\projects\vs2017\glslang.vcxproj", "{0D19B900-79F8-379C-8210-C372EE6E9EFD}"
EndProject
Project("{8BC9CEB8-8B4A-11D0-8D11-00A0C91BC942}") = "glsl-optimizer", "..\bgfx\.build\projects\vs2017\glsl-optimizer.vcxproj", "{4783A312-3351-9718-1CE5-073F0852737D}"
EndProject
Project("{8BC9CEB8-8B4A-11D0-8D11-00A0C91BC942}") = "spirv-opt", "..\bgfx\.build\projects\vs2017\spirv-opt.vcxproj", "{F952D147-65BD-85BE-AEFB-36641AA56313}"
EndProject
Project("{8BC9CEB8-8B4A-11D0-8D11-00A0C91BC942}") = "geometryc", "..\bgfx\.build\projects\vs2017\geometryc.vcxproj", "{D4DE4E6C-4049-03E3-8987-B488F530E137}"
EndProject
Project("{8BC9CEB8-8B4A-11D0-8D11-00A0C91BC942}") = "shaderc", "..\bgfx\.build\projects\vs2017\shaderc.vcxproj", "{FF44D591-6B24-542D-743C-DF03E09ABA8E}"
EndProject
Project("{8BC9CEB8-8B4A-11D0-8D11-00A0C91BC942}") = "texturec", "..\bgfx\.build\projects\vs2017\texturec.vcxproj", "{B9F8A108-A5C5-FC13-CEDE-EABBBA0A32A2}"
EndProject
Project("{8BC9CEB8-8B4A-11D0-8D11-00A0C91BC942}") = "texturev", "..\bgfx\.build\projects\vs2017\texturev.vcxproj", "{CCF8A108-B8C5-FC13-E1DE-EABBCD0A32A2}"
EndProject
Global
	GlobalSection(SolutionConfigurationPlatforms) = preSolution
		Debug|x64 = Debug|x64
		Debug|x86 = Debug|x86
		Release|x64 = Release|x64
		Release|x86 = Release|x86
	EndGlobalSection
	GlobalSection(ProjectConfigurationPlatforms) = postSolution
		{EE3656B7-28BD-45EC-91D5-4D959AC69211}.Debug|x64.ActiveCfg = Debug|x64
		{EE3656B7-28BD-45EC-91D5-4D959AC69211}.Debug|x64.Build.0 = Debug|x64
		{EE3656B7-28BD-45EC-91D5-4D959AC69211}.Debug|x86.ActiveCfg = Debug|Win32
		{EE3656B7-28BD-45EC-91D5-4D959AC69211}.Debug|x86.Build.0 = Debug|Win32
		{EE3656B7-28BD-45EC-91D5-4D959AC69211}.Release|x64.ActiveCfg = Release|x64
		{EE3656B7-28BD-45EC-91D5-4D959AC69211}.Release|x64.Build.0 = Release|x64
		{EE3656B7-28BD-45EC-91D5-4D959AC69211}.Release|x86.ActiveCfg = Release|Win32
		{EE3656B7-28BD-45EC-91D5-4D959AC69211}.Release|x86.Build.0 = Release|Win32
		{C1652A2E-CC29-4A3A-B35D-F081BDBBCBAB}.Debug|x64.ActiveCfg = Debug|x64
		{C1652A2E-CC29-4A3A-B35D-F081BDBBCBAB}.Debug|x64.Build.0 = Debug|x64
		{C1652A2E-CC29-4A3A-B35D-F081BDBBCBAB}.Debug|x86.ActiveCfg = Debug|Win32
		{C1652A2E-CC29-4A3A-B35D-F081BDBBCBAB}.Debug|x86.Build.0 = Debug|Win32
		{C1652A2E-CC29-4A3A-B35D-F081BDBBCBAB}.Release|x64.ActiveCfg = Release|x64
		{C1652A2E-CC29-4A3A-B35D-F081BDBBCBAB}.Release|x64.Build.0 = Release|x64
		{C1652A2E-CC29-4A3A-B35D-F081BDBBCBAB}.Release|x86.ActiveCfg = Release|Win32
		{C1652A2E-CC29-4A3A-B35D-F081BDBBCBAB}.Release|x86.Build.0 = Release|Win32
		{5F775900-4B03-880B-B4B1-880BA05C880B}.Debug|x64.ActiveCfg = Debug|x64
		{5F775900-4B03-880B-B4B1-880BA05C880B}.Debug|x64.Build.0 = Debug|x64
		{5F775900-4B03-880B-B4B1-880BA05C880B}.Debug|x86.ActiveCfg = Debug|Win32
		{5F775900-4B03-880B-B4B1-880BA05C880B}.Debug|x86.Build.0 = Debug|Win32
		{5F775900-4B03-880B-B4B1-880BA05C880B}.Release|x64.ActiveCfg = Release|x64
		{5F775900-4B03-880B-B4B1-880BA05C880B}.Release|x64.Build.0 = Release|x64
		{5F775900-4B03-880B-B4B1-880BA05C880B}.Release|x86.ActiveCfg = Release|Win32
		{5F775900-4B03-880B-B4B1-880BA05C880B}.Release|x86.Build.0 = Release|Win32
		{C499947C-B0D0-950D-59BD-7B1045D3110F}.Debug|x64.ActiveCfg = Debug|x64
		{C499947C-B0D0-950D-59BD-7B1045D3110F}.Debug|x64.Build.0 = Debug|x64
		{C499947C-B0D0-950D-59BD-7B1045D3110F}.Debug|x86.ActiveCfg = Debug|Win32
		{C499947C-B0D0-950D-59BD-7B1045D3110F}.Debug|x86.Build.0 = Debug|Win32
		{C499947C-B0D0-950D-59BD-7B1045D3110F}.Release|x64.ActiveCfg = Release|x64
		{C499947C-B0D0-950D-59BD-7B1045D3110F}.Release|x64.Build.0 = Release|x64
		{C499947C-B0D0-950D-59BD-7B1045D3110F}.Release|x86.ActiveCfg = Release|Win32
		{C499947C-B0D0-950D-59BD-7B1045D3110F}.Release|x86.Build.0 = Release|Win32
		{A7B931CA-136F-AABF-9C63-A4960818A1C3}.Debug|x64.ActiveCfg = Debug|x64
		{A7B931CA-136F-AABF-9C63-A4960818A1C3}.Debug|x64.Build.0 = Debug|x64
		{A7B931CA-136F-AABF-9C63-A4960818A1C3}.Debug|x86.ActiveCfg = Debug|Win32
		{A7B931CA-136F-AABF-9C63-A4960818A1C3}.Debug|x86.Build.0 = Debug|Win32
		{A7B931CA-136F-AABF-9C63-A4960818A1C3}.Release|x64.ActiveCfg = Release|x64
		{A7B931CA-136F-AABF-9C63-A4960818A1C3}.Release|x64.Build.0 = Release|x64
		{A7B931CA-136F-AABF-9C63-A4960818A1C3}.Release|x86.ActiveCfg = Release|Win32
		{A7B931CA-136F-AABF-9C63-A4960818A1C3}.Release|x86.Build.0 = Release|Win32
		{6C90947C-58C7-950D-01B4-7B10EDC9110F}.Debug|x64.ActiveCfg = Debug|x64
		{6C90947C-58C7-950D-01B4-7B10EDC9110F}.Debug|x64.Build.0 = Debug|x64
		{6C90947C-58C7-950D-01B4-7B10EDC9110F}.Debug|x86.ActiveCfg = Debug|Win32
		{6C90947C-58C7-950D-01B4-7B10EDC9110F}.Debug|x86.Build.0 = Debug|Win32
		{6C90947C-58C7-950D-01B4-7B10EDC9110F}.Release|x64.ActiveCfg = Release|x64
		{6C90947C-58C7-950D-01B4-7B10EDC9110F}.Release|x64.Build.0 = Release|x64
		{6C90947C-58C7-950D-01B4-7B10EDC9110F}.Release|x86.ActiveCfg = Release|Win32
		{6C90947C-58C7-950D-01B4-7B10EDC9110F}.Release|x86.Build.0 = Release|Win32
		{A788128C-9356-0692-7CEA-76B86857E2F6}.Debug|x64.ActiveCfg = Debug|x64
		{A788128C-9356-0692-7CEA-76B86857E2F6}.Debug|x64.Build.0 = Debug|x64
		{A788128C-9356-0692-7CEA-76B86857E2F6}.Debug|x86.ActiveCfg = Debug|Win32
		{A788128C-9356-0692-7CEA-76B86857E2F6}.Debug|x86.Build.0 = Debug|Win32
		{A788128C-9356-0692-7CEA-76B86857E2F6}.Release|x64.ActiveCfg = Release|x64
		{A788128C-9356-0692-7CEA-76B86857E2F6}.Release|x64.Build.0 = Release|x64
		{A788128C-9356-0692-7CEA-76B86857E2F6}.Release|x86.ActiveCfg = Release|Win32
		{A788128C-9356-0692-7CEA-76B86857E2F6}.Release|x86.Build.0 = Release|Win32
		{2EB2967C-1AE9-970D-C3D5-7D10AFEB130F}.Debug|x64.ActiveCfg = Debug|x64
		{2EB2967C-1AE9-970D-C3D5-7D10AFEB130F}.Debug|x64.Build.0 = Debug|x64
		{2EB2967C-1AE9-970D-C3D5-7D10AFEB130F}.Debug|x86.ActiveCfg = Debug|Win32
		{2EB2967C-1AE9-970D-C3D5-7D10AFEB130F}.Debug|x86.Build.0 = Debug|Win32
		{2EB2967C-1AE9-970D-C3D5-7D10AFEB130F}.Release|x64.ActiveCfg = Release|x64
		{2EB2967C-1AE9-970D-C3D5-7D10AFEB130F}.Release|x64.Build.0 = Release|x64
		{2EB2967C-1AE9-970D-C3D5-7D10AFEB130F}.Release|x86.ActiveCfg = Release|Win32
		{2EB2967C-1AE9-970D-C3D5-7D10AFEB130F}.Release|x86.Build.0 = Release|Win32
		{0D19B900-79F8-379C-8210-C372EE6E9EFD}.Debug|x64.ActiveCfg = Debug|x64
		{0D19B900-79F8-379C-8210-C372EE6E9EFD}.Debug|x64.Build.0 = Debug|x64
		{0D19B900-79F8-379C-8210-C372EE6E9EFD}.Debug|x86.ActiveCfg = Debug|Win32
		{0D19B900-79F8-379C-8210-C372EE6E9EFD}.Debug|x86.Build.0 = Debug|Win32
		{0D19B900-79F8-379C-8210-C372EE6E9EFD}.Release|x64.ActiveCfg = Release|x64
		{0D19B900-79F8-379C-8210-C372EE6E9EFD}.Release|x64.Build.0 = Release|x64
		{0D19B900-79F8-379C-8210-C372EE6E9EFD}.Release|x86.ActiveCfg = Release|Win32
		{0D19B900-79F8-379C-8210-C372EE6E9EFD}.Release|x86.Build.0 = Release|Win32
		{4783A312-3351-9718-1CE5-073F0852737D}.Debug|x64.ActiveCfg = Debug|x64
		{4783A312-3351-9718-1CE5-073F0852737D}.Debug|x64.Build.0 = Debug|x64
		{4783A312-3351-9718-1CE5-073F0852737D}.Debug|x86.ActiveCfg = Debug|Win32
		{4783A312-3351-9718-1CE5-073F0852737D}.Debug|x86.Build.0 = Debug|Win32
		{4783A312-3351-9718-1CE5-073F0852737D}.Release|x64.ActiveCfg = Release|x64
		{4783A312-3351-9718-1CE5-073F0852737D}.Release|x64.Build.0 = Release|x64
		{4783A312-3351-9718-1CE5-073F0852737D}.Release|x86.ActiveCfg = Release|Win32
		{4783A312-3351-9718-1CE5-073F0852737D}.Release|x86.Build.0 = Release|Win32
		{F952D147-65BD-85BE-AEFB-36641AA56313}.Debug|x64.ActiveCfg = Debug|x64
		{F952D147-65BD-85BE-AEFB-36641AA56313}.Debug|x64.Build.0 = Debug|x64
		{F952D147-65BD-85BE-AEFB-36641AA56313}.Debug|x86.ActiveCfg = Debug|Win32
		{F952D147-65BD-85BE-AEFB-36641AA56313}.Debug|x86.Build.0 = Debug|Win32
		{F952D147-65BD-85BE-AEFB-36641AA56313}.Release|x64.ActiveCfg = Release|x64
		{F952D147-65BD-85BE-AEFB-36641AA56313}.Release|x64.Build.0 = Release|x64
		{F952D147-65BD-85BE-AEFB-36641AA56313}.Release|x86.ActiveCfg = Release|Win32
		{F952D147-65BD-85BE-AEFB-36641AA56313}.Release|x86.Build.0 = Release|Win32
		{D4DE4E6C-4049-03E3-8987-B488F530E137}.Debug|x64.ActiveCfg = Debug|x64
		{D4DE4E6C-4049-03E3-8987-B488F530E137}.Debug|x64.Build.0 = Debug|x64
		{D4DE4E6C-4049-03E3-8987-B488F530E137}.Debug|x86.ActiveCfg = Debug|Win32
		{D4DE4E6C-4049-03E3-8987-B488F530E137}.Debug|x86.Build.0 = Debug|Win32
		{D4DE4E6C-4049-03E3-8987-B488F530E137}.Release|x64.ActiveCfg = Release|x64
		{D4DE4E6C-4049-03E3-8987-B488F530E137}.Release|x64.Build.0 = Release|x64
		{D4DE4E6C-4049-03E3-8987-B488F530E137}.Release|x86.ActiveCfg = Release|Win32
		{D4DE4E6C-4049-03E3-8987-B488F530E137}.Release|x86.Build.0 = Release|Win32
		{FF44D591-6B24-542D-743C-DF03E09ABA8E}.Debug|x64.ActiveCfg = Debug|x64
		{FF44D591-6B24-542D-743C-DF03E09ABA8E}.Debug|x64.Build.0 = Debug|x64
		{FF44D591-6B24-542D-743C-DF03E09ABA8E}.Debug|x86.ActiveCfg = Debug|Win32
		{FF44D591-6B24-542D-743C-DF03E09ABA8E}.Debug|x86.Build.0 = Debug|Win32
		{FF44D591-6B24-542D-743C-DF03E09ABA8E}.Release|x64.ActiveCfg = Release|x64
		{FF44D591-6B24-542D-743C-DF03E09ABA8E}.Release|x64.Build.0 = Release|x64
		{FF44D591-6B24-542D-743C-DF03E09ABA8E}.Release|x86.ActiveCfg = Release|Win32
		{FF44D591-6B24-542D-743C-DF03E09ABA8E}.Release|x86.Build.0 = Release|Win32
		{B9F8A108-A5C5-FC13-CEDE-EABBBA0A32A2}.Debug|x64.ActiveCfg = Debug|x64
		{B9F8A108-A5C5-FC13-CEDE-EABBBA0A32A2}.Debug|x64.Build.0 = Debug|x64
		{B9F8A108-A5C5-FC13-CEDE-EABBBA0A32A2}.Debug|x86.ActiveCfg = Debug|Win32
		{B9F8A108-A5C5-FC13-CEDE-EABBBA0A32A2}.Debug|x86.Build.0 = Debug|Win32
		{B9F8A108-A5C5-FC13-CEDE-EABBBA0A32A2}.Release|x64.ActiveCfg = Release|x64
		{B9F8A108-A5C5-FC13-CEDE-EABBBA0A32A2}.Release|x64.Build.0 = Release|x64
		{B9F8A108-A5C5-FC13-CEDE-EABBBA0A32A2}.Release|x86.ActiveCfg = Release|Win32
		{B9F8A108-A5C5-FC13-CEDE-EABBBA0A32A2}.Release|x86.Build.0 = Release|Win32
		{CCF8A108-B8C5-FC13-E1DE-EABBCD0A32A2}.Debug|x64.ActiveCfg = Debug|x64
		{CCF8A108-B8C5-FC13-E1DE-EABBCD0A32A2}.Debug|x64.Build.0 = Debug|x64
		{CCF8A108-B8C5-FC13-E1DE-EABBCD0A32A2}.Debug|x86.ActiveCfg = Debug|Win32
		{CCF8A108-B8C5-FC13-E1DE-EABBCD0A32A2}.Debug|x86.Build.0 = Debug|Win32
		{CCF8A108-B8C5-FC13-E1DE-EABBCD0A32A2}.Release|x64.ActiveCfg = Release|x64
		{CCF8A108-B8C5-FC13-E1DE-EABBCD0A32A2}.Release|x64.Build.0 = Release|x64
		{CCF8A108-B8C5-FC13-E1DE-EABBCD0A32A2}.Release|x86.ActiveCfg = Release|Win32
		{CCF8A108-B8C5-FC13-E1DE-EABBCD0A32A2}.Release|x86.Build.0 = Release|Win32
	EndGlobalSection
	GlobalSection(SolutionProperties) = preSolution
		HideSolutionNode = FALSE
	EndGlobalSection
	GlobalSection(NestedProjects) = preSolution
		{5F775900-4B03-880B-B4B1-880BA05C880B} = {4BB3820B-F69B-4C5F-ADFE-9F01CCEEFF81}
		{C499947C-B0D0-950D-59BD-7B1045D3110F} = {4BB3820B-F69B-4C5F-ADFE-9F01CCEEFF81}
		{A7B931CA-136F-AABF-9C63-A4960818A1C3} = {4BB3820B-F69B-4C5F-ADFE-9F01CCEEFF81}
		{6C90947C-58C7-950D-01B4-7B10EDC9110F} = {4BB3820B-F69B-4C5F-ADFE-9F01CCEEFF81}
		{A788128C-9356-0692-7CEA-76B86857E2F6} = {4BB3820B-F69B-4C5F-ADFE-9F01CCEEFF81}
		{2EB2967C-1AE9-970D-C3D5-7D10AFEB130F} = {4BB3820B-F69B-4C5F-ADFE-9F01CCEEFF81}
		{0D19B900-79F8-379C-8210-C372EE6E9EFD} = {4BB3820B-F69B-4C5F-ADFE-9F01CCEEFF81}
		{4783A312-3351-9718-1CE5-073F0852737D} = {4BB3820B-F69B-4C5F-ADFE-9F01CCEEFF81}
		{F952D147-65BD-85BE-AEFB-36641AA56313} = {4BB3820B-F69B-4C5F-ADFE-9F01CCEEFF81}
		{D4DE4E6C-4049-03E3-8987-B488F530E137} = {4BB3820B-F69B-4C5F-ADFE-9F01CCEEFF81}
		{FF44D591-6B24-542D-743C-DF03E09ABA8E} = {4BB3820B-F69B-4C5F-ADFE-9F01CCEEFF81}
		{B9F8A108-A5C5-FC13-CEDE-EABBBA0A32A2} = {4BB3820B-F69B-4C5F-ADFE-9F01CCEEFF81}
		{CCF8A108-B8C5-FC13-E1DE-EABBCD0A32A2} = {4BB3820B-F69B-4C5F-ADFE-9F01CCEEFF81}
	EndGlobalSection
	GlobalSection(ExtensibilityGlobals) = postSolution
		SolutionGuid = {F4F57804-8A4B-40EE-A2DC-F5761A320F6B}
	EndGlobalSection
EndGlobal
