<?xml version="1.0" encoding="utf-8"?>
<Project ToolsVersion="4.0" xmlns="http://schemas.microsoft.com/developer/msbuild/2003">
  <ItemGroup>
    <Filter Include="Source Files">
      <UniqueIdentifier>{4FC737F1-C7A5-4376-A066-2A32D752A2FF}</UniqueIdentifier>
      <Extensions>cpp;c;cc;cxx;def;odl;idl;hpj;bat;asm;asmx</Extensions>
    </Filter>
    <Filter Include="Resource Files">
      <UniqueIdentifier>{67DA6AB6-F800-4c08-8B7A-83BB121AAD01}</UniqueIdentifier>
      <Extensions>rc;ico;cur;bmp;dlg;rc2;rct;bin;rgs;gif;jpg;jpeg;jpe;resx;tiff;tif;png;wav;mfcribbon-ms</Extensions>
    </Filter>
    <Filter Include="Lib">
      <UniqueIdentifier>{e326c5e7-1a2c-41f7-9e3a-d7d30728434d}</UniqueIdentifier>
    </Filter>
    <Filter Include="Inspectors">
      <UniqueIdentifier>{1209f324-79ec-4024-a71d-a3f8a8cec1a8}</UniqueIdentifier>
    </Filter>
    <Filter Include="Windows">
      <UniqueIdentifier>{0fd3100d-cec9-4c51-bc0e-132b80579c29}</UniqueIdentifier>
    </Filter>
    <Filter Include="Header Files">
      <UniqueIdentifier>{93995380-89BD-4b04-88EB-625FBE52EBFB}</UniqueIdentifier>
      <Extensions>h;hh;hpp;hxx;hm;inl;inc;xsd</Extensions>
    </Filter>
    <Filter Include="GUI">
      <UniqueIdentifier>{d2cd1d64-4d51-42de-a5bc-6686772c0cb2}</UniqueIdentifier>
    </Filter>
    <Filter Include="Main">
      <UniqueIdentifier>{6378864c-522b-4c49-8c49-035d55ee1896}</UniqueIdentifier>
    </Filter>
    <Filter Include="IO">
      <UniqueIdentifier>{e1e20fca-cbdb-4422-98c0-7c0f636af133}</UniqueIdentifier>
    </Filter>
    <Filter Include="Windows\Asset Importers">
      <UniqueIdentifier>{2c16af9c-2391-42d5-bf94-0de1ae88dd98}</UniqueIdentifier>
    </Filter>
    <Filter Include="Asset Builders">
      <UniqueIdentifier>{766edefa-a5ef-426d-b87e-dc05b50e0810}</UniqueIdentifier>
    </Filter>
    <Filter Include="Windows\Asset Editors">
      <UniqueIdentifier>{1cc4d1f7-5e0a-4417-b232-cf1c8cb12ad9}</UniqueIdentifier>
    </Filter>
    <Filter Include="Windows\Asset Creators">
      <UniqueIdentifier>{c27af162-2c6f-4aa4-a396-d274bec7f2d1}</UniqueIdentifier>
    </Filter>
  </ItemGroup>
  <ItemGroup>
    <ClCompile Include="..\..\bgfx\3rdparty\dear-imgui\imgui_impl_glfw.cpp">
      <Filter>Lib</Filter>
    </ClCompile>
    <ClCompile Include="experimental.cpp">
      <Filter>Source Files</Filter>
    </ClCompile>
    <ClCompile Include="TransformInspector.cpp">
      <Filter>Inspectors</Filter>
    </ClCompile>
    <ClCompile Include="MapView.cpp">
      <Filter>Windows</Filter>
    </ClCompile>
    <ClCompile Include="InspectorWindow.cpp">
      <Filter>Windows</Filter>
    </ClCompile>
    <ClCompile Include="SceneGraphWindow.cpp">
      <Filter>Windows</Filter>
    </ClCompile>
    <ClCompile Include="CameraInspector.cpp">
      <Filter>Inspectors</Filter>
    </ClCompile>
    <ClCompile Include="Container.cpp">
      <Filter>GUI</Filter>
    </ClCompile>
    <ClCompile Include="GUIImage.cpp">
      <Filter>GUI</Filter>
    </ClCompile>
    <ClCompile Include="GUILibrary.cpp">
      <Filter>GUI</Filter>
    </ClCompile>
    <ClCompile Include="GUIWindow.cpp">
      <Filter>GUI</Filter>
    </ClCompile>
    <ClCompile Include="MainMenuBar.cpp">
      <Filter>GUI</Filter>
    </ClCompile>
    <ClCompile Include="Editor.cpp">
      <Filter>Main</Filter>
    </ClCompile>
    <ClCompile Include="GameView.cpp">
      <Filter>Windows</Filter>
    </ClCompile>
    <ClCompile Include="Inspector.cpp">
      <Filter>Inspectors</Filter>
    </ClCompile>
    <ClCompile Include="MeshRendererInspector.cpp">
      <Filter>Inspectors</Filter>
    </ClCompile>
    <ClCompile Include="LogWindow.cpp">
      <Filter>Windows</Filter>
    </ClCompile>
    <ClCompile Include="File.cpp">
      <Filter>IO</Filter>
    </ClCompile>
    <ClCompile Include="Directory.cpp">
      <Filter>IO</Filter>
    </ClCompile>
    <ClCompile Include="AssetImporter.cpp">
      <Filter>Windows</Filter>
    </ClCompile>
    <ClCompile Include="AssetExplorer.cpp">
      <Filter>Windows</Filter>
    </ClCompile>
    <ClCompile Include="UnsavedDialog.cpp">
      <Filter>Windows</Filter>
    </ClCompile>
    <ClCompile Include="ShaderImporter.cpp">
      <Filter>Windows\Asset Importers</Filter>
    </ClCompile>
    <ClCompile Include="ShaderBuilder.cpp">
      <Filter>Asset Builders</Filter>
    </ClCompile>
    <ClCompile Include="GUITextField.cpp">
      <Filter>GUI</Filter>
    </ClCompile>
    <ClCompile Include="ShaderEditor.cpp">
      <Filter>Windows\Asset Editors</Filter>
    </ClCompile>
    <ClCompile Include="CodeEditor.cpp">
      <Filter>Windows\Asset Editors</Filter>
    </ClCompile>
    <ClCompile Include="MaterialEditor.cpp">
      <Filter>Windows\Asset Editors</Filter>
    </ClCompile>
    <ClCompile Include="MaterialBuilder.cpp">
      <Filter>Asset Builders</Filter>
    </ClCompile>
    <ClCompile Include="CreateScriptDialog.cpp">
      <Filter>Windows\Asset Creators</Filter>
    </ClCompile>
    <ClCompile Include="GUIDialog.cpp">
      <Filter>GUI</Filter>
    </ClCompile>
    <ClCompile Include="GUINameGenerator.cpp">
      <Filter>GUI</Filter>
    </ClCompile>
  </ItemGroup>
  <ItemGroup>
    <ClInclude Include="..\..\bgfx\3rdparty\dear-imgui\imgui_impl_glfw.h">
      <Filter>Lib</Filter>
    </ClInclude>
    <ClInclude Include="imgui-includes.h">
      <Filter>Header Files</Filter>
    </ClInclude>
    <ClInclude Include="TransformInspector.h">
      <Filter>Inspectors</Filter>
    </ClInclude>
    <ClInclude Include="InspectorWindow.h">
      <Filter>Windows</Filter>
    </ClInclude>
    <ClInclude Include="MapView.h">
      <Filter>Windows</Filter>
    </ClInclude>
    <ClInclude Include="SceneGraphWindow.h">
      <Filter>Windows</Filter>
    </ClInclude>
    <ClInclude Include="CameraInspector.h">
      <Filter>Inspectors</Filter>
    </ClInclude>
    <ClInclude Include="Container.h">
      <Filter>GUI</Filter>
    </ClInclude>
    <ClInclude Include="GUIElement.h">
      <Filter>GUI</Filter>
    </ClInclude>
    <ClInclude Include="GUIImage.h">
      <Filter>GUI</Filter>
    </ClInclude>
    <ClInclude Include="GUILibrary.h">
      <Filter>GUI</Filter>
    </ClInclude>
    <ClInclude Include="GUIWindow.h">
      <Filter>GUI</Filter>
    </ClInclude>
    <ClInclude Include="MainMenuBar.h">
      <Filter>GUI</Filter>
    </ClInclude>
    <ClInclude Include="Editor.h">
      <Filter>Main</Filter>
    </ClInclude>
    <ClInclude Include="GameView.h">
      <Filter>Windows</Filter>
    </ClInclude>
    <ClInclude Include="Inspector.h">
      <Filter>Inspectors</Filter>
    </ClInclude>
    <ClInclude Include="MeshRendererInspector.h">
      <Filter>Inspectors</Filter>
    </ClInclude>
    <ClInclude Include="LogWindow.h">
      <Filter>Windows</Filter>
    </ClInclude>
    <ClInclude Include="File.h">
      <Filter>IO</Filter>
    </ClInclude>
    <ClInclude Include="Directory.h">
      <Filter>IO</Filter>
    </ClInclude>
    <ClInclude Include="AssetImporter.h">
      <Filter>Windows</Filter>
    </ClInclude>
    <ClInclude Include="AssetExplorer.h">
      <Filter>Windows</Filter>
    </ClInclude>
    <ClInclude Include="UnsavedDialog.h">
      <Filter>Windows</Filter>
    </ClInclude>
    <ClInclude Include="ShaderImporter.h">
      <Filter>Windows\Asset Importers</Filter>
    </ClInclude>
    <ClInclude Include="ShaderBuilder.h">
      <Filter>Asset Builders</Filter>
    </ClInclude>
    <ClInclude Include="GUITextField.h">
      <Filter>GUI</Filter>
    </ClInclude>
    <ClInclude Include="ShaderEditor.h">
      <Filter>Windows\Asset Editors</Filter>
    </ClInclude>
    <ClInclude Include="CodeEditor.h">
      <Filter>Windows\Asset Editors</Filter>
    </ClInclude>
    <ClInclude Include="MaterialEditor.h">
      <Filter>Windows\Asset Editors</Filter>
    </ClInclude>
    <ClInclude Include="MaterialBuilder.h">
      <Filter>Asset Builders</Filter>
    </ClInclude>
    <ClInclude Include="CreateScriptDialog.h">
      <Filter>Windows\Asset Creators</Filter>
    </ClInclude>
    <ClInclude Include="GUIDialog.h">
      <Filter>GUI</Filter>
    </ClInclude>
    <ClInclude Include="GUINameGenerator.h">
      <Filter>GUI</Filter>
    </ClInclude>
  </ItemGroup>
</Project>